
Microsoft Visual Studio Solution File, Format Version 12.00
# Visual Studio Version 17
VisualStudioVersion = 17.13.35806.99 d17.13
MinimumVisualStudioVersion = 10.0.40219.1
Project("{FAE04EC0-301F-11D3-BF4B-00C04F79EFBC}") = "Tesis.Server", "Tesis.Server\Tesis.Server.csproj", "{FE6D9CCA-99D1-48FD-8E3C-763E3CFBC752}"
EndProject
Project("{FAE04EC0-301F-11D3-BF4B-00C04F79EFBC}") = "Tesis.Domain", "Tesis.Domain\Tesis.Domain.csproj", "{25322A3B-986A-43B2-A980-C9319CF5599A}"
EndProject
Project("{FAE04EC0-301F-11D3-BF4B-00C04F79EFBC}") = "Tesis.Application", "Tesis.Application\Tesis.Application.csproj", "{5FEB399E-FBD9-4152-AAF9-53962326BB13}"
EndProject
Project("{FAE04EC0-301F-11D3-BF4B-00C04F79EFBC}") = "Tesis.DataAcces", "Tesis.DataAcces\Tesis.DataAcces.csproj", "{539B80D4-CAD1-4411-9BF9-8CDB122B8A0A}"
EndProject
Project("{2150E333-8FDC-42A3-9474-1A3956D46DE8}") = "src", "src", "{02EA681E-C7D8-13C7-8484-4AC65E1B71E8}"
EndProject
Project("{2150E333-8FDC-42A3-9474-1A3956D46DE8}") = "Core", "Core", "{01486E61-DF7E-4A2E-961C-4E073D9EEF1A}"
EndProject
Project("{2150E333-8FDC-42A3-9474-1A3956D46DE8}") = "Infrastucture", "Infrastucture", "{DD3C18AE-114A-4753-A807-4867B2CAE1E3}"
EndProject
Project("{2150E333-8FDC-42A3-9474-1A3956D46DE8}") = "tests", "tests", "{CB1D409A-0799-4576-85D1-F4E9CAAC186A}"
EndProject
Project("{2150E333-8FDC-42A3-9474-1A3956D46DE8}") = "Tesis.UnitTests", "Tesis.UnitTests", "{BB59432A-215A-4CCA-9675-D2E18C76F2FD}"
EndProject
Project("{2150E333-8FDC-42A3-9474-1A3956D46DE8}") = "Tesis.IntegrationTests", "Tesis.IntegrationTests", "{90DF7C2D-8C20-453D-BD6B-D87FF73B1A3E}"
EndProject
Project("{FAE04EC0-301F-11D3-BF4B-00C04F79EFBC}") = "Tesis.Shared", "Tesis.Shared\Tesis.Shared.csproj", "{69C31812-8900-4039-936B-FA527480CD7C}"
EndProject
Project("{FAE04EC0-301F-11D3-BF4B-00C04F79EFBC}") = "Tesis.Identity", "Tesis.Identity\Tesis.Identity.csproj", "{79F3CDAD-9E1D-4A13-BB17-512A327E99B8}"
EndProject
Global
	GlobalSection(SolutionConfigurationPlatforms) = preSolution
		Debug|Any CPU = Debug|Any CPU
		Release|Any CPU = Release|Any CPU
	EndGlobalSection
	GlobalSection(ProjectConfigurationPlatforms) = postSolution
		{FE6D9CCA-99D1-48FD-8E3C-763E3CFBC752}.Debug|Any CPU.ActiveCfg = Debug|Any CPU
		{FE6D9CCA-99D1-48FD-8E3C-763E3CFBC752}.Debug|Any CPU.Build.0 = Debug|Any CPU
		{FE6D9CCA-99D1-48FD-8E3C-763E3CFBC752}.Release|Any CPU.ActiveCfg = Release|Any CPU
		{FE6D9CCA-99D1-48FD-8E3C-763E3CFBC752}.Release|Any CPU.Build.0 = Release|Any CPU
		{25322A3B-986A-43B2-A980-C9319CF5599A}.Debug|Any CPU.ActiveCfg = Debug|Any CPU
		{25322A3B-986A-43B2-A980-C9319CF5599A}.Debug|Any CPU.Build.0 = Debug|Any CPU
		{25322A3B-986A-43B2-A980-C9319CF5599A}.Release|Any CPU.ActiveCfg = Release|Any CPU
		{25322A3B-986A-43B2-A980-C9319CF5599A}.Release|Any CPU.Build.0 = Release|Any CPU
		{5FEB399E-FBD9-4152-AAF9-53962326BB13}.Debug|Any CPU.ActiveCfg = Debug|Any CPU
		{5FEB399E-FBD9-4152-AAF9-53962326BB13}.Debug|Any CPU.Build.0 = Debug|Any CPU
		{5FEB399E-FBD9-4152-AAF9-53962326BB13}.Release|Any CPU.ActiveCfg = Release|Any CPU
		{5FEB399E-FBD9-4152-AAF9-53962326BB13}.Release|Any CPU.Build.0 = Release|Any CPU
		{539B80D4-CAD1-4411-9BF9-8CDB122B8A0A}.Debug|Any CPU.ActiveCfg = Debug|Any CPU
		{539B80D4-CAD1-4411-9BF9-8CDB122B8A0A}.Debug|Any CPU.Build.0 = Debug|Any CPU
		{539B80D4-CAD1-4411-9BF9-8CDB122B8A0A}.Release|Any CPU.ActiveCfg = Release|Any CPU
		{539B80D4-CAD1-4411-9BF9-8CDB122B8A0A}.Release|Any CPU.Build.0 = Release|Any CPU
		{69C31812-8900-4039-936B-FA527480CD7C}.Debug|Any CPU.ActiveCfg = Debug|Any CPU
		{69C31812-8900-4039-936B-FA527480CD7C}.Debug|Any CPU.Build.0 = Debug|Any CPU
		{69C31812-8900-4039-936B-FA527480CD7C}.Release|Any CPU.ActiveCfg = Release|Any CPU
		{69C31812-8900-4039-936B-FA527480CD7C}.Release|Any CPU.Build.0 = Release|Any CPU
		{79F3CDAD-9E1D-4A13-BB17-512A327E99B8}.Debug|Any CPU.ActiveCfg = Debug|Any CPU
		{79F3CDAD-9E1D-4A13-BB17-512A327E99B8}.Debug|Any CPU.Build.0 = Debug|Any CPU
		{79F3CDAD-9E1D-4A13-BB17-512A327E99B8}.Release|Any CPU.ActiveCfg = Release|Any CPU
		{79F3CDAD-9E1D-4A13-BB17-512A327E99B8}.Release|Any CPU.Build.0 = Release|Any CPU
	EndGlobalSection
	GlobalSection(SolutionProperties) = preSolution
		HideSolutionNode = FALSE
	EndGlobalSection
	GlobalSection(NestedProjects) = preSolution
		{FE6D9CCA-99D1-48FD-8E3C-763E3CFBC752} = {02EA681E-C7D8-13C7-8484-4AC65E1B71E8}
		{25322A3B-986A-43B2-A980-C9319CF5599A} = {01486E61-DF7E-4A2E-961C-4E073D9EEF1A}
		{5FEB399E-FBD9-4152-AAF9-53962326BB13} = {01486E61-DF7E-4A2E-961C-4E073D9EEF1A}
		{539B80D4-CAD1-4411-9BF9-8CDB122B8A0A} = {DD3C18AE-114A-4753-A807-4867B2CAE1E3}
		{01486E61-DF7E-4A2E-961C-4E073D9EEF1A} = {02EA681E-C7D8-13C7-8484-4AC65E1B71E8}
		{DD3C18AE-114A-4753-A807-4867B2CAE1E3} = {02EA681E-C7D8-13C7-8484-4AC65E1B71E8}
		{CB1D409A-0799-4576-85D1-F4E9CAAC186A} = {02EA681E-C7D8-13C7-8484-4AC65E1B71E8}
		{BB59432A-215A-4CCA-9675-D2E18C76F2FD} = {CB1D409A-0799-4576-85D1-F4E9CAAC186A}
		{90DF7C2D-8C20-453D-BD6B-D87FF73B1A3E} = {CB1D409A-0799-4576-85D1-F4E9CAAC186A}
		{69C31812-8900-4039-936B-FA527480CD7C} = {DD3C18AE-114A-4753-A807-4867B2CAE1E3}
		{79F3CDAD-9E1D-4A13-BB17-512A327E99B8} = {DD3C18AE-114A-4753-A807-4867B2CAE1E3}
	EndGlobalSection
	GlobalSection(ExtensibilityGlobals) = postSolution
		SolutionGuid = {C31C04DD-F1A8-4552-B048-9A4997BC59C9}
	EndGlobalSection
EndGlobal
